GEM
  remote: http://rubygems.org/
  specs:
    addressable (2.9.0)
      public_suffix (>= 2.0.2, < 8.0)
    adsf (1.5.3)
      rack (>= 1.0.0, < 4.0.0)
      rackup (~> 2.1)
    base64 (0.3.0)
    builder (3.3.0)
    coderay (1.1.3)
    concurrent-ruby (1.3.8)
    cri (2.15.12)
    ddmetrics (1.1.0)
    ddplugin (1.0.3)
    diff-lcs (1.6.2)
    fssm (0.2.10)
    immutable-ruby (0.2.0)
      concurrent-ruby (~> 1.1)
      sorted_set (~> 1.0)
    io-console (0.9.4)
    json_schema (0.21.0)
    kramdown (2.3.2)
      rexml
    logger (1.7.0)
    memo_wise (1.13.0)
    method_source (1.1.0)
    mime-types (1.25.1)
    mini_portile2 (2.8.9)
    nanoc (4.14.8)
      addressable (~> 2.5)
      nanoc-checking (~> 1.0, >= 1.0.2)
      nanoc-cli (= 4.14.8)
      nanoc-core (= 4.14.8)
      nanoc-deploying (~> 1.0)
      parallel (~> 1.12)
      tty-command (~> 0.8)
      tty-which (~> 0.4)
    nanoc-checking (1.0.6)
      nanoc-cli (~> 4.12, >= 4.12.5)
      nanoc-core (~> 4.12, >= 4.12.5)
    nanoc-cli (4.14.8)
      cri (~> 2.15)
      diff-lcs (~> 1.3)
      logger (~> 1.6)
      nanoc-core (= 4.14.8)
      pry
      zeitwerk (~> 2.1)
    nanoc-core (4.14.8)
      base64 (~> 0.2)
      concurrent-ruby (~> 1.1)
      ddmetrics (~> 1.0)
      ddplugin (~> 1.0)
      immutable-ruby (~> 0.1)
      json_schema (~> 0.19)
      memo_wise (~> 1.5)
      slow_enumerator_tools (~> 1.0)
      tty-platform (~> 0.2)
      zeitwerk (~> 2.1)
    nanoc-deploying (1.0.4)
      nanoc-checking (~> 1.0)
      nanoc-cli (~> 4.14)
      nanoc-core (~> 4.14)
    nokogiri (1.19.4)
      mini_portile2 (~> 2.8.2)
      racc (~> 1.4)
    parallel (1.28.0)
    pastel (0.8.0)
      tty-color (~> 0.5)
    pry (0.16.0)
      coderay (~> 1.1)
      method_source (~> 1.0)
      reline (>= 0.6.0)
    public_suffix (7.0.5)
    pygments.rb (5.0.0)
      logger (~> 1.7)
    racc (1.8.1)
    rack (3.2.7)
    rackup (2.3.1)
      rack (>= 3)
    rake (12.3.3)
    rbtree (0.4.7)
    reline (0.7.0)
      io-console (~> 0.5)
    rexml (3.4.4)
    slow_enumerator_tools (1.1.0)
    sorted_set (1.1.0)
      rbtree
    tty-color (0.6.0)
    tty-command (0.10.1)
      pastel (~> 0.8)
    tty-platform (0.3.0)
    tty-which (0.5.0)
    webrick (1.9.2)
    yajl-ruby (1.4.3)
    zeitwerk (2.8.3)

PLATFORMS
  ruby

DEPENDENCIES
  adsf
  builder
  coderay
  fssm
  kramdown (~> 2.3.1)
  mime-types (~> 1.16)
  nanoc (~> 4)
  nokogiri
  pygments.rb
  rake (~> 12.3.3)
  webrick
  yajl-ruby

BUNDLED WITH
   2.2.33
